// !$*UTF8*$!
{
	archiveVersion = 1;
	classes = {
	};
	objectVersion = 46;
	objects = {

/* Begin PBXBuildFile section */
		7A8D421E15BB190F00EF5042 /* UIKit.framework in Frameworks */ = {isa = PBXBuildFile; fileRef = 7A8D421D15BB190F00EF5042 /* UIKit.framework */; };
		7A8D422015BB190F00EF5042 /* Foundation.framework in Frameworks */ = {isa = PBXBuildFile; fileRef = 7A8D421F15BB190F00EF5042 /* Foundation.framework */; };
		7A8D422215BB190F00EF5042 /* CoreGraphics.framework in Frameworks */ = {isa = PBXBuildFile; fileRef = 7A8D422115BB190F00EF5042 /* CoreGraphics.framework */; };
		7A8D422415BB190F00EF5042 /* CoreData.framework in Frameworks */ = {isa = PBXBuildFile; fileRef = 7A8D422315BB190F00EF5042 /* CoreData.framework */; };
		7A8D422A15BB190F00EF5042 /* InfoPlist.strings in Resources */ = {isa = PBXBuildFile; fileRef = 7A8D422815BB190F00EF5042 /* InfoPlist.strings */; };
		7A8D422C15BB190F00EF5042 /* main.m in Sources */ = {isa = PBXBuildFile; fileRef = 7A8D422B15BB190F00EF5042 /* main.m */; };
		7A8D423015BB190F00EF5042 /* AppDelegate.m in Sources */ = {isa = PBXBuildFile; fileRef = 7A8D422F15BB190F00EF5042 /* AppDelegate.m */; };
		7A8D423315BB190F00EF5042 /* MainStoryboard.storyboard in Resources */ = {isa = PBXBuildFile; fileRef = 7A8D423115BB190F00EF5042 /* MainStoryboard.storyboard */; };
		7A8D423615BB190F00EF5042 /* XupaCode4.xcdatamodeld in Sources */ = {isa = PBXBuildFile; fileRef = 7A8D423415BB190F00EF5042 /* XupaCode4.xcdatamodeld */; };
		7A8D423915BB190F00EF5042 /* MasterViewController.m in Sources */ = {isa = PBXBuildFile; fileRef = 7A8D423815BB190F00EF5042 /* MasterViewController.m */; };
		7A8D423C15BB190F00EF5042 /* DetailViewController.m in Sources */ = {isa = PBXBuildFile; fileRef = 7A8D423B15BB190F00EF5042 /* DetailViewController.m */; };
		7A8D424415BB190F00EF5042 /* SenTestingKit.framework in Frameworks */ = {isa = PBXBuildFile; fileRef = 7A8D424315BB190F00EF5042 /* SenTestingKit.framework */; };
		7A8D424515BB190F00EF5042 /* UIKit.framework in Frameworks */ = {isa = PBXBuildFile; fileRef = 7A8D421D15BB190F00EF5042 /* UIKit.framework */; };
		7A8D424615BB190F00EF5042 /* Foundation.framework in Frameworks */ = {isa = PBXBuildFile; fileRef = 7A8D421F15BB190F00EF5042 /* Foundation.framework */; };
		7A8D424715BB190F00EF5042 /* CoreData.framework in Frameworks */ = {isa = PBXBuildFile; fileRef = 7A8D422315BB190F00EF5042 /* CoreData.framework */; };
		7A8D424F15BB190F00EF5042 /* InfoPlist.strings in Resources */ = {isa = PBXBuildFile; fileRef = 7A8D424D15BB190F00EF5042 /* InfoPlist.strings */; };
		7A8D425215BB190F00EF5042 /* XupaCode4Tests.m in Sources */ = {isa = PBXBuildFile; fileRef = 7A8D425115BB190F00EF5042 /* XupaCode4Tests.m */; };
/* End PBXBuildFile section */

/* Begin PBXContainerItemProxy section */
		7A8D424815BB190F00EF5042 /* PBXContainerItemProxy */ = {
			isa = PBXContainerItemProxy;
			containerPortal = 7A8D421015BB190F00EF5042 /* Project object */;
			proxyType = 1;
			remoteGlobalIDString = 7A8D421815BB190F00EF5042;
			remoteInfo = XupaCode4;
		};
/* End PBXContainerItemProxy section */

/* Begin PBXFileReference section */
		7A8D421915BB190F00EF5042 /* XupaCode4.app */ = {isa = PBXFileReference; explicitFileType = wrapper.application; includeInIndex = 0; path = XupaCode4.app; sourceTree = BUILT_PRODUCTS_DIR; };
		7A8D421D15BB190F00EF5042 /* UIKit.framework */ = {isa = PBXFileReference; lastKnownFileType = wrapper.framework; name = UIKit.framework; path = System/Library/Frameworks/UIKit.framework; sourceTree = SDKROOT; };
		7A8D421F15BB190F00EF5042 /* Foundation.framework */ = {isa = PBXFileReference; lastKnownFileType = wrapper.framework; name = Foundation.framework; path = System/Library/Frameworks/Foundation.framework; sourceTree = SDKROOT; };
		7A8D422115BB190F00EF5042 /* CoreGraphics.framework */ = {isa = PBXFileReference; lastKnownFileType = wrapper.framework; name = CoreGraphics.framework; path = System/Library/Frameworks/CoreGraphics.framework; sourceTree = SDKROOT; };
		7A8D422315BB190F00EF5042 /* CoreData.framework */ = {isa = PBXFileReference; lastKnownFileType = wrapper.framework; name = CoreData.framework; path = System/Library/Frameworks/CoreData.framework; sourceTree = SDKROOT; };
		7A8D422715BB190F00EF5042 /* XupaCode4-Info.plist */ = {isa = PBXFileReference; path = "XupaCode4-Info.plist"; sourceTree = "<group>"; };
		7A8D422915BB190F00EF5042 /* en */ = {isa = PBXFileReference; lastKnownFileType = text.plist.strings; name = en; path = en.lproj/InfoPlist.strings; sourceTree = "<group>"; };
		7A8D422B15BB190F00EF5042 /* main.m */ = {isa = PBXFileReference; lastKnownFileType = sourcecode.c.objc; path = main.m; sourceTree = "<group>"; };
		7A8D422D15BB190F00EF5042 /* XupaCode4-Prefix.pch */ = {isa = PBXFileReference; path = "XupaCode4-Prefix.pch"; sourceTree = "<group>"; };
		7A8D422E15BB190F00EF5042 /* AppDelegate.h */ = {isa = PBXFileReference; path = AppDelegate.h; sourceTree = "<group>"; };
		7A8D422F15BB190F00EF5042 /* AppDelegate.m */ = {isa = PBXFileReference; lastKnownFileType = sourcecode.c.objc; path = AppDelegate.m; sourceTree = "<group>"; };
		7A8D423215BB190F00EF5042 /* en */ = {isa = PBXFileReference; lastKnownFileType = file.storyboard; name = en; path = en.lproj/MainStoryboard.storyboard; sourceTree = "<group>"; };
		7A8D423515BB190F00EF5042 /* XupaCode4.xcdatamodel */ = {isa = PBXFileReference; lastKnownFileType = wrapper.xcdatamodel; path = XupaCode4.xcdatamodel; sourceTree = "<group>"; };
		7A8D423715BB190F00EF5042 /* MasterViewController.h */ = {isa = PBXFileReference; path = MasterViewController.h; sourceTree = "<group>"; };
		7A8D423815BB190F00EF5042 /* MasterViewController.m */ = {isa = PBXFileReference; lastKnownFileType = sourcecode.c.objc; path = MasterViewController.m; sourceTree = "<group>"; };
		7A8D423A15BB190F00EF5042 /* DetailViewController.h */ = {isa = PBXFileReference; path = DetailViewController.h; sourceTree = "<group>"; };
		7A8D423B15BB190F00EF5042 /* DetailViewController.m */ = {isa = PBXFileReference; lastKnownFileType = sourcecode.c.objc; path = DetailViewController.m; sourceTree = "<group>"; };
		7A8D424215BB190F00EF5042 /* XupaCode4Tests.octest */ = {isa = PBXFileReference; explicitFileType = wrapper.cfbundle; includeInIndex = 0; path = XupaCode4Tests.octest; sourceTree = BUILT_PRODUCTS_DIR; };
		7A8D424315BB190F00EF5042 /* SenTestingKit.framework */ = {isa = PBXFileReference; lastKnownFileType = wrapper.framework; name = SenTestingKit.framework; path = Library/Frameworks/SenTestingKit.framework; sourceTree = DEVELOPER_DIR; };
		7A8D424C15BB190F00EF5042 /* XupaCode4Tests-Info.plist */ = {isa = PBXFileReference; path = "XupaCode4Tests-Info.plist"; sourceTree = "<group>"; };
		7A8D424E15BB190F00EF5042 /* en */ = {isa = PBXFileReference; lastKnownFileType = text.plist.strings; name = en; path = en.lproj/InfoPlist.strings; sourceTree = "<group>"; };
		7A8D425015BB190F00EF5042 /* XupaCode4Tests.h */ = {isa = PBXFileReference; path = XupaCode4Tests.h; sourceTree = "<group>"; };
		7A8D425115BB190F00EF5042 /* XupaCode4Tests.m */ = {isa = PBXFileReference; lastKnownFileType = sourcecode.c.objc; path = XupaCode4Tests.m; sourceTree = "<group>"; };
/* End PBXFileReference section */

/* Begin PBXFrameworksBuildPhase section */
		7A8D421615BB190F00EF5042 /* Frameworks */ = {
			isa = PBXFrameworksBuildPhase;
			buildActionMask = 2147483647;
			files = (
				7A8D421E15BB190F00EF5042 /* UIKit.framework in Frameworks */,
				7A8D422015BB190F00EF5042 /* Foundation.framework in Frameworks */,
				7A8D422215BB190F00EF5042 /* CoreGraphics.framework in Frameworks */,
				7A8D422415BB190F00EF5042 /* CoreData.framework in Frameworks */,
			);
			runOnlyForDeploymentPostprocessing = 0;
		};
		7A8D423E15BB190F00EF5042 /* Frameworks */ = {
			isa = PBXFrameworksBuildPhase;
			buildActionMask = 2147483647;
			files = (
				7A8D424415BB190F00EF5042 /* SenTestingKit.framework in Frameworks */,
				7A8D424515BB190F00EF5042 /* UIKit.framework in Frameworks */,
				7A8D424615BB190F00EF5042 /* Foundation.framework in Frameworks */,
				7A8D424715BB190F00EF5042 /* CoreData.framework in Frameworks */,
			);
			runOnlyForDeploymentPostprocessing = 0;
		};
/* End PBXFrameworksBuildPhase section */

/* Begin PBXGroup section */
		7A8D420E15BB190F00EF5042 = {
			isa = PBXGroup;
			children = (
				7A8D422515BB190F00EF5042 /* XupaCode4 */,
				7A8D424A15BB190F00EF5042 /* XupaCode4Tests */,
				7A8D421C15BB190F00EF5042 /* Frameworks */,
				7A8D421A15BB190F00EF5042 /* Products */,
			);
			sourceTree = "<group>";
		};
		7A8D421A15BB190F00EF5042 /* Products */ = {
			isa = PBXGroup;
			children = (
				7A8D421915BB190F00EF5042 /* XupaCode4.app */,
				7A8D424215BB190F00EF5042 /* XupaCode4Tests.octest */,
			);
			name = Products;
			sourceTree = "<group>";
		};
		7A8D421C15BB190F00EF5042 /* Frameworks */ = {
			isa = PBXGroup;
			children = (
				7A8D421D15BB190F00EF5042 /* UIKit.framework */,
				7A8D421F15BB190F00EF5042 /* Foundation.framework */,
				7A8D422115BB190F00EF5042 /* CoreGraphics.framework */,
				7A8D422315BB190F00EF5042 /* CoreData.framework */,
				7A8D424315BB190F00EF5042 /* SenTestingKit.framework */,
			);
			name = Frameworks;
			sourceTree = "<group>";
		};
		7A8D422515BB190F00EF5042 /* XupaCode4 */ = {
			isa = PBXGroup;
			children = (
				7A8D422E15BB190F00EF5042 /* AppDelegate.h */,
				7A8D422F15BB190F00EF5042 /* AppDelegate.m */,
				7A8D423115BB190F00EF5042 /* MainStoryboard.storyboard */,
				7A8D423715BB190F00EF5042 /* MasterViewController.h */,
				7A8D423815BB190F00EF5042 /* MasterViewController.m */,
				7A8D423A15BB190F00EF5042 /* DetailViewController.h */,
				7A8D423B15BB190F00EF5042 /* DetailViewController.m */,
				7A8D423415BB190F00EF5042 /* XupaCode4.xcdatamodeld */,
				7A8D422615BB190F00EF5042 /* Supporting Files */,
			);
			path = XupaCode4;
			sourceTree = "<group>";
		};
		7A8D422615BB190F00EF5042 /* Supporting Files */ = {
			isa = PBXGroup;
			children = (
				7A8D422715BB190F00EF5042 /* XupaCode4-Info.plist */,
				7A8D422815BB190F00EF5042 /* InfoPlist.strings */,
				7A8D422B15BB190F00EF5042 /* main.m */,
				7A8D422D15BB190F00EF5042 /* XupaCode4-Prefix.pch */,
			);
			name = "Supporting Files";
			sourceTree = "<group>";
		};
		7A8D424A15BB190F00EF5042 /* XupaCode4Tests */ = {
			isa = PBXGroup;
			children = (
				7A8D425015BB190F00EF5042 /* XupaCode4Tests.h */,
				7A8D425115BB190F00EF5042 /* XupaCode4Tests.m */,
				7A8D424B15BB190F00EF5042 /* Supporting Files */,
			);
			path = XupaCode4Tests;
			sourceTree = "<group>";
		};
		7A8D424B15BB190F00EF5042 /* Supporting Files */ = {
			isa = PBXGroup;
			children = (
				7A8D424C15BB190F00EF5042 /* XupaCode4Tests-Info.plist */,
				7A8D424D15BB190F00EF5042 /* InfoPlist.strings */,
			);
			name = "Supporting Files";
			sourceTree = "<group>";
		};
/* End PBXGroup section */

/* Begin PBXNativeTarget section */
		7A8D421815BB190F00EF5042 /* XupaCode4 */ = {
			isa = PBXNativeTarget;
			buildConfigurationList = 7A8D425515BB190F00EF5042 /* Build configuration list for PBXNativeTarget "XupaCode4" */;
			buildPhases = (
				7A8D421515BB190F00EF5042 /* Sources */,
				7A8D421615BB190F00EF5042 /* Frameworks */,
				7A8D421715BB190F00EF5042 /* Resources */,
			);
			buildRules = (
			);
			dependencies = (
			);
			name = XupaCode4;
			productName = XupaCode4;
			productReference = 7A8D421915BB190F00EF5042 /* XupaCode4.app */;
			productType = "com.apple.product-type.application";
		};
		7A8D424115BB190F00EF5042 /* XupaCode4Tests */ = {
			isa = PBXNativeTarget;
			buildConfigurationList = 7A8D425815BB190F00EF5042 /* Build configuration list for PBXNativeTarget "XupaCode4Tests" */;
			buildPhases = (
				7A8D423D15BB190F00EF5042 /* Sources */,
				7A8D423E15BB190F00EF5042 /* Frameworks */,
				7A8D423F15BB190F00EF5042 /* Resources */,
				7A8D424015BB190F00EF5042 /* ShellScript */,
			);
			buildRules = (
			);
			dependencies = (
				7A8D424915BB190F00EF5042 /* PBXTargetDependency */,
			);
			name = XupaCode4Tests;
			productName = XupaCode4Tests;
			productReference = 7A8D424215BB190F00EF5042 /* XupaCode4Tests.octest */;
			productType = "com.apple.product-type.bundle";
		};
/* End PBXNativeTarget section */

/* Begin PBXProject section */
		7A8D421015BB190F00EF5042 /* Project object */ = {
			isa = PBXProject;
			attributes = {
				LastUpgradeCheck = 0430;
			};
			buildConfigurationList = 7A8D421315BB190F00EF5042 /* Build configuration list for PBXProject "XupaCode4" */;
			compatibilityVersion = "Xcode 3.2";
			developmentRegion = English;
			hasScannedForEncodings = 0;
			knownRegions = (
				en,
			);
			mainGroup = 7A8D420E15BB190F00EF5042;
			productRefGroup = 7A8D421A15BB190F00EF5042 /* Products */;
			projectDirPath = "";
			projectRoot = "";
			targets = (
				7A8D421815BB190F00EF5042 /* XupaCode4 */,
				7A8D424115BB190F00EF5042 /* XupaCode4Tests */,
			);
		};
/* End PBXProject section */

/* Begin PBXResourcesBuildPhase section */
		7A8D421715BB190F00EF5042 /* Resources */ = {
			isa = PBXResourcesBuildPhase;
			buildActionMask = 2147483647;
			files = (
				7A8D422A15BB190F00EF5042 /* InfoPlist.strings in Resources */,
				7A8D423315BB190F00EF5042 /* MainStoryboard.storyboard in Resources */,
			);
			runOnlyForDeploymentPostprocessing = 0;
		};
		7A8D423F15BB190F00EF5042 /* Resources */ = {
			isa = PBXResourcesBuildPhase;
			buildActionMask = 2147483647;
			files = (
				7A8D424F15BB190F00EF5042 /* InfoPlist.strings in Resources */,
			);
			runOnlyForDeploymentPostprocessing = 0;
		};
/* End PBXResourcesBuildPhase section */

/* Begin PBXShellScriptBuildPhase section */
		7A8D424015BB190F00EF5042 /* ShellScript */ = {
			isa = PBXShellScriptBuildPhase;
			buildActionMask = 2147483647;
			files = (
			);
			inputPaths = (
			);
			outputPaths = (
			);
			runOnlyForDeploymentPostprocessing = 0;
			shellPath = /bin/sh;
			shellScript = "# Run the unit tests in this test bundle.\n\"${SYSTEM_DEVELOPER_DIR}/Tools/RunUnitTests\"\n";
		};
/* End PBXShellScriptBuildPhase section */

/* Begin PBXSourcesBuildPhase section */
		7A8D421515BB190F00EF5042 /* Sources */ = {
			isa = PBXSourcesBuildPhase;
			buildActionMask = 2147483647;
			files = (
				7A8D422C15BB190F00EF5042 /* main.m in Sources */,
				7A8D423015BB190F00EF5042 /* AppDelegate.m in Sources */,
				7A8D423615BB190F00EF5042 /* XupaCode4.xcdatamodeld in Sources */,
				7A8D423915BB190F00EF5042 /* MasterViewController.m in Sources */,
				7A8D423C15BB190F00EF5042 /* DetailViewController.m in Sources */,
			);
			runOnlyForDeploymentPostprocessing = 0;
		};
		7A8D423D15BB190F00EF5042 /* Sources */ = {
			isa = PBXSourcesBuildPhase;
			buildActionMask = 2147483647;
			files = (
				7A8D425215BB190F00EF5042 /* XupaCode4Tests.m in Sources */,
			);
			runOnlyForDeploymentPostprocessing = 0;
		};
/* End PBXSourcesBuildPhase section */

/* Begin PBXTargetDependency section */
		7A8D424915BB190F00EF5042 /* PBXTargetDependency */ = {
			isa = PBXTargetDependency;
			target = 7A8D421815BB190F00EF5042 /* XupaCode4 */;
			targetProxy = 7A8D424815BB190F00EF5042 /* PBXContainerItemProxy */;
		};
/* End PBXTargetDependency section */

/* Begin PBXVariantGroup section */
		7A8D422815BB190F00EF5042 /* InfoPlist.strings */ = {
			isa = PBXVariantGroup;
			children = (
				7A8D422915BB190F00EF5042 /* en */,
			);
			name = InfoPlist.strings;
			sourceTree = "<group>";
		};
		7A8D423115BB190F00EF5042 /* MainStoryboard.storyboard */ = {
			isa = PBXVariantGroup;
			children = (
				7A8D423215BB190F00EF5042 /* en */,
			);
			name = MainStoryboard.storyboard;
			sourceTree = "<group>";
		};
		7A8D424D15BB190F00EF5042 /* InfoPlist.strings */ = {
			isa = PBXVariantGroup;
			children = (
				7A8D424E15BB190F00EF5042 /* en */,
			);
			name = InfoPlist.strings;
			sourceTree = "<group>";
		};
/* End PBXVariantGroup section */

/* Begin XCBuildConfiguration section */
		7A8D425315BB190F00EF5042 /* Debug */ = {
			isa = XCBuildConfiguration;
			buildSettings = {
				ALWAYS_SEARCH_USER_PATHS = NO;
				ARCHS = "$(ARCHS_STANDARD_32_BIT)";
				CLANG_ENABLE_OBJC_ARC = YES;
				"CODE_SIGN_IDENTITY[sdk=iphoneos*]" = "iPhone Developer";
				COPY_PHASE_STRIP = NO;
				GCC_C_LANGUAGE_STANDARD = gnu99;
				GCC_DYNAMIC_NO_PIC = NO;
				GCC_OPTIMIZATION_LEVEL = 0;
				GCC_PREPROCESSOR_DEFINITIONS = (
					"DEBUG=1",
					"$(inherited)",
				);
				GCC_SYMBOLS_PRIVATE_EXTERN = NO;
				GCC_VERSION = com.apple.compilers.llvm.clang.1_0;
				GCC_WARN_ABOUT_RETURN_TYPE = YES;
				GCC_WARN_UNINITIALIZED_AUTOS = YES;
				GCC_WARN_UNUSED_VARIABLE = YES;
				IPHONEOS_DEPLOYMENT_TARGET = 5.1;
				SDKROOT = iphoneos;
			};
			name = Debug;
		};
		7A8D425415BB190F00EF5042 /* Release */ = {
			isa = XCBuildConfiguration;
			buildSettings = {
				ALWAYS_SEARCH_USER_PATHS = NO;
				ARCHS = "$(ARCHS_STANDARD_32_BIT)";
				CLANG_ENABLE_OBJC_ARC = YES;
				"CODE_SIGN_IDENTITY[sdk=iphoneos*]" = "iPhone Developer";
				COPY_PHASE_STRIP = YES;
				GCC_C_LANGUAGE_STANDARD = gnu99;
				GCC_VERSION = com.apple.compilers.llvm.clang.1_0;
				GCC_WARN_ABOUT_RETURN_TYPE = YES;
				GCC_WARN_UNINITIALIZED_AUTOS = YES;
				GCC_WARN_UNUSED_VARIABLE = YES;
				IPHONEOS_DEPLOYMENT_TARGET = 5.1;
				OTHER_CFLAGS = "-DNS_BLOCK_ASSERTIONS=1";
				SDKROOT = iphoneos;
				VALIDATE_PRODUCT = YES;
			};
			name = Release;
		};
		7A8D425615BB190F00EF5042 /* Debug */ = {
			isa = XCBuildConfiguration;
			buildSettings = {
				GCC_PRECOMPILE_PREFIX_HEADER = YES;
				GCC_PREFIX_HEADER = "XupaCode4/XupaCode4-Prefix.pch";
				INFOPLIST_FILE = "XupaCode4/XupaCode4-Info.plist";
				PRODUCT_NAME = "$(TARGET_NAME)";
				WRAPPER_EXTENSION = app;
			};
			name = Debug;
		};
		7A8D425715BB190F00EF5042 /* Release */ = {
			isa = XCBuildConfiguration;
			buildSettings = {
				GCC_PRECOMPILE_PREFIX_HEADER = YES;
				GCC_PREFIX_HEADER = "XupaCode4/XupaCode4-Prefix.pch";
				INFOPLIST_FILE = "XupaCode4/XupaCode4-Info.plist";
				PRODUCT_NAME = "$(TARGET_NAME)";
				WRAPPER_EXTENSION = app;
			};
			name = Release;
		};
		7A8D425915BB190F00EF5042 /* Debug */ = {
			isa = XCBuildConfiguration;
			buildSettings = {
				BUNDLE_LOADER = "$(BUILT_PRODUCTS_DIR)/XupaCode4.app/XupaCode4";
				FRAMEWORK_SEARCH_PATHS = (
					"$(SDKROOT)/Developer/Library/Frameworks",
					"$(DEVELOPER_LIBRARY_DIR)/Frameworks",
				);
				GCC_PRECOMPILE_PREFIX_HEADER = YES;
				GCC_PREFIX_HEADER = "XupaCode4/XupaCode4-Prefix.pch";
				INFOPLIST_FILE = "XupaCode4Tests/XupaCode4Tests-Info.plist";
				PRODUCT_NAME = "$(TARGET_NAME)";
				TEST_HOST = "$(BUNDLE_LOADER)";
				WRAPPER_EXTENSION = octest;
			};
			name = Debug;
		};
		7A8D425A15BB190F00EF5042 /* Release */ = {
			isa = XCBuildConfiguration;
			buildSettings = {
				BUNDLE_LOADER = "$(BUILT_PRODUCTS_DIR)/XupaCode4.app/XupaCode4";
				FRAMEWORK_SEARCH_PATHS = (
					"$(SDKROOT)/Developer/Library/Frameworks",
					"$(DEVELOPER_LIBRARY_DIR)/Frameworks",
				);
				GCC_PRECOMPILE_PREFIX_HEADER = YES;
				GCC_PREFIX_HEADER = "XupaCode4/XupaCode4-Prefix.pch";
				INFOPLIST_FILE = "XupaCode4Tests/XupaCode4Tests-Info.plist";
				PRODUCT_NAME = "$(TARGET_NAME)";
				TEST_HOST = "$(BUNDLE_LOADER)";
				WRAPPER_EXTENSION = octest;
			};
			name = Release;
		};
/* End XCBuildConfiguration section */

/* Begin XCConfigurationList section */
		7A8D421315BB190F00EF5042 /* Build configuration list for PBXProject "XupaCode4" */ = {
			isa = XCConfigurationList;
			buildConfigurations = (
				7A8D425315BB190F00EF5042 /* Debug */,
				7A8D425415BB190F00EF5042 /* Release */,
			);
			defaultConfigurationIsVisible = 0;
			defaultConfigurationName = Release;
		};
		7A8D425515BB190F00EF5042 /* Build configuration list for PBXNativeTarget "XupaCode4" */ = {
			isa = XCConfigurationList;
			buildConfigurations = (
				7A8D425615BB190F00EF5042 /* Debug */,
				7A8D425715BB190F00EF5042 /* Release */,
			);
			defaultConfigurationIsVisible = 0;
		};
		7A8D425815BB190F00EF5042 /* Build configuration list for PBXNativeTarget "XupaCode4Tests" */ = {
			isa = XCConfigurationList;
			buildConfigurations = (
				7A8D425915BB190F00EF5042 /* Debug */,
				7A8D425A15BB190F00EF5042 /* Release */,
			);
			defaultConfigurationIsVisible = 0;
		};
/* End XCConfigurationList section */

/* Begin XCVersionGroup section */
		7A8D423415BB190F00EF5042 /* XupaCode4.xcdatamodeld */ = {
			isa = XCVersionGroup;
			children = (
				7A8D423515BB190F00EF5042 /* XupaCode4.xcdatamodel */,
			);
			currentVersion = 7A8D423515BB190F00EF5042 /* XupaCode4.xcdatamodel */;
			path = XupaCode4.xcdatamodeld;
			sourceTree = "<group>";
			versionGroupType = wrapper.xcdatamodel;
		};
/* End XCVersionGroup section */
	};
	rootObject = 7A8D421015BB190F00EF5042 /* Project object */;
}
